
Microsoft Visual Studio Solution File, Format Version 12.00
# Visual Studio 15
VisualStudioVersion = 15.0.28307.779
MinimumVisualStudioVersion = 10.0.40219.1
Project("{00D1A9C2-B5F0-4AF3-8072-F6C62B433612}") = "AlumbraBI", "AlumbraBI\AlumbraBI.sqlproj", "{0FB03CF0-F882-494E-A5E6-716CE574FA60}"
	ProjectSection(ProjectDependencies) = postProject
		{3DA17AD1-5E81-4C46-B4B8-2AE8BDF13D7E} = {3DA17AD1-5E81-4C46-B4B8-2AE8BDF13D7E}
	EndProjectSection
EndProject
Project("{D2ABAB84-BF74-430A-B69E-9DC6D40DDA17}") = "OLAPAlumbra", "OLAPAlumbra\OLAPAlumbra.dwproj", "{3DA17AD1-5E81-4C46-B4B8-2AE8BDF13D7E}"
EndProject
Global
	GlobalSection(SolutionConfigurationPlatforms) = preSolution
		Debug|Any CPU = Debug|Any CPU
		Development|Any CPU = Development|Any CPU
		Release|Any CPU = Release|Any CPU
	EndGlobalSection
	GlobalSection(ProjectConfigurationPlatforms) = postSolution
		{0FB03CF0-F882-494E-A5E6-716CE574FA60}.Debug|Any CPU.ActiveCfg = Debug|Any CPU
		{0FB03CF0-F882-494E-A5E6-716CE574FA60}.Debug|Any CPU.Build.0 = Debug|Any CPU
		{0FB03CF0-F882-494E-A5E6-716CE574FA60}.Debug|Any CPU.Deploy.0 = Debug|Any CPU
		{0FB03CF0-F882-494E-A5E6-716CE574FA60}.Development|Any CPU.ActiveCfg = Debug|Any CPU
		{0FB03CF0-F882-494E-A5E6-716CE574FA60}.Development|Any CPU.Build.0 = Debug|Any CPU
		{0FB03CF0-F882-494E-A5E6-716CE574FA60}.Development|Any CPU.Deploy.0 = Debug|Any CPU
		{0FB03CF0-F882-494E-A5E6-716CE574FA60}.Release|Any CPU.ActiveCfg = Release|Any CPU
		{0FB03CF0-F882-494E-A5E6-716CE574FA60}.Release|Any CPU.Build.0 = Release|Any CPU
		{0FB03CF0-F882-494E-A5E6-716CE574FA60}.Release|Any CPU.Deploy.0 = Release|Any CPU
		{3DA17AD1-5E81-4C46-B4B8-2AE8BDF13D7E}.Debug|Any CPU.ActiveCfg = Development
		{3DA17AD1-5E81-4C46-B4B8-2AE8BDF13D7E}.Debug|Any CPU.Build.0 = Development
		{3DA17AD1-5E81-4C46-B4B8-2AE8BDF13D7E}.Debug|Any CPU.Deploy.0 = Development
		{3DA17AD1-5E81-4C46-B4B8-2AE8BDF13D7E}.Development|Any CPU.ActiveCfg = Development
		{3DA17AD1-5E81-4C46-B4B8-2AE8BDF13D7E}.Development|Any CPU.Build.0 = Development
		{3DA17AD1-5E81-4C46-B4B8-2AE8BDF13D7E}.Development|Any CPU.Deploy.0 = Development
		{3DA17AD1-5E81-4C46-B4B8-2AE8BDF13D7E}.Release|Any CPU.ActiveCfg = Development
		{3DA17AD1-5E81-4C46-B4B8-2AE8BDF13D7E}.Release|Any CPU.Build.0 = Development
		{3DA17AD1-5E81-4C46-B4B8-2AE8BDF13D7E}.Release|Any CPU.Deploy.0 = Development
	EndGlobalSection
	GlobalSection(SolutionProperties) = preSolution
		HideSolutionNode = FALSE
	EndGlobalSection
	GlobalSection(ExtensibilityGlobals) = postSolution
		SolutionGuid = {E0FF3226-17B6-43D0-905D-72317972288E}
	EndGlobalSection
EndGlobal
